
Microsoft Visual Studio Solution File, Format Version 12.00
# Visual Studio Version 16
VisualStudioVersion = 16.0.30225.117
MinimumVisualStudioVersion = 10.0.40219.1
Project("{FAE04EC0-301F-11D3-BF4B-00C04F79EFBC}") = "EntityFramework.BulkExtensions", "EntityFramework.BulkExtensions\EntityFramework.BulkExtensions.csproj", "{EBFA8667-BB63-41C0-A5BA-E41CA2B553E8}"
EndProject
Global
	GlobalSection(SolutionConfigurationPlatforms) = preSolution
		Debug|Any CPU = Debug|Any CPU
		Release|Any CPU = Release|Any CPU
	EndGlobalSection
	GlobalSection(ProjectConfigurationPlatforms) = postSolution
		{EBFA8667-BB63-41C0-A5BA-E41CA2B553E8}.Debug|Any CPU.ActiveCfg = Debug|Any CPU
		{EBFA8667-BB63-41C0-A5BA-E41CA2B553E8}.Debug|Any CPU.Build.0 = Debug|Any CPU
		{EBFA8667-BB63-41C0-A5BA-E41CA2B553E8}.Release|Any CPU.ActiveCfg = Release|Any CPU
		{EBFA8667-BB63-41C0-A5BA-E41CA2B553E8}.Release|Any CPU.Build.0 = Release|Any CPU
	EndGlobalSection
	GlobalSection(SolutionProperties) = preSolution
		HideSolutionNode = FALSE
	EndGlobalSection
	GlobalSection(ExtensibilityGlobals) = postSolution
		SolutionGuid = {68C5AD77-58F3-4E3F-8238-73ADAB7059C2}
	EndGlobalSection
EndGlobal
